
Microsoft Visual Studio Solution File, Format Version 12.00
# Visual Studio Version 17
VisualStudioVersion = 17.5.33516.290
MinimumVisualStudioVersion = 10.0.40219.1
Project("{8BC9CEB8-8B4A-11D0-8D11-00A0C91BC942}") = "CPP_Stone_Paper_Scissor", "CPP_Stone_Paper_Scissor\CPP_Stone_Paper_Scissor.vcxproj", "{76DBEFA5-00E3-44D9-B590-AE13FE2D5B29}"
EndProject
Global
	GlobalSection(SolutionConfigurationPlatforms) = preSolution
		Debug|x64 = Debug|x64
		Debug|x86 = Debug|x86
		Release|x64 = Release|x64
		Release|x86 = Release|x86
	EndGlobalSection
	GlobalSection(ProjectConfigurationPlatforms) = postSolution
		{76DBEFA5-00E3-44D9-B590-AE13FE2D5B29}.Debug|x64.ActiveCfg = Debug|x64
		{76DBEFA5-00E3-44D9-B590-AE13FE2D5B29}.Debug|x64.Build.0 = Debug|x64
		{76DBEFA5-00E3-44D9-B590-AE13FE2D5B29}.Debug|x86.ActiveCfg = Debug|Win32
		{76DBEFA5-00E3-44D9-B590-AE13FE2D5B29}.Debug|x86.Build.0 = Debug|Win32
		{76DBEFA5-00E3-44D9-B590-AE13FE2D5B29}.Release|x64.ActiveCfg = Release|x64
		{76DBEFA5-00E3-44D9-B590-AE13FE2D5B29}.Release|x64.Build.0 = Release|x64
		{76DBEFA5-00E3-44D9-B590-AE13FE2D5B29}.Release|x86.ActiveCfg = Release|Win32
		{76DBEFA5-00E3-44D9-B590-AE13FE2D5B29}.Release|x86.Build.0 = Release|Win32
	EndGlobalSection
	GlobalSection(SolutionProperties) = preSolution
		HideSolutionNode = FALSE
	EndGlobalSection
	GlobalSection(ExtensibilityGlobals) = postSolution
		SolutionGuid = {05D0DE95-5AA1-4EF1-9B26-C70A09B1B1AF}
	EndGlobalSection
EndGlobal
